// !$*UTF8*$!
{
	archiveVersion = 1;
	classes = {
	};
	objectVersion = 50;
	objects = {

/* Begin PBXBuildFile section */
		390D00F922DD5D710091682C /* AppDelegate.swift in Sources */ = {isa = PBXBuildFile; fileRef = 390D00F822DD5D710091682C /* AppDelegate.swift */; };
		390D00FE22DD5D710091682C /* Main.storyboard in Resources */ = {isa = PBXBuildFile; fileRef = 390D00FC22DD5D710091682C /* Main.storyboard */; };
		390D010122DD5D710091682C /* MinaViewFinder2.xcdatamodeld in Sources */ = {isa = PBXBuildFile; fileRef = 390D00FF22DD5D710091682C /* MinaViewFinder2.xcdatamodeld */; };
		390D010322DD5D720091682C /* Assets.xcassets in Resources */ = {isa = PBXBuildFile; fileRef = 390D010222DD5D720091682C /* Assets.xcassets */; };
		390D010622DD5D720091682C /* LaunchScreen.storyboard in Resources */ = {isa = PBXBuildFile; fileRef = 390D010422DD5D720091682C /* LaunchScreen.storyboard */; };
		390D010E22DD60B80091682C /* AddPhotoViewController.swift in Sources */ = {isa = PBXBuildFile; fileRef = 390D010D22DD60B80091682C /* AddPhotoViewController.swift */; };
/* End PBXBuildFile section */

/* Begin PBXFileReference section */
		390D00F522DD5D710091682C /* MinaViewFinder2.app */ = {isa = PBXFileReference; explicitFileType = wrapper.application; includeInIndex = 0; path = MinaViewFinder2.app; sourceTree = BUILT_PRODUCTS_DIR; };
		390D00F822DD5D710091682C /* AppDelegate.swift */ = {isa = PBXFileReference; lastKnownFileType = sourcecode.swift; path = AppDelegate.swift; sourceTree = "<group>"; };
		390D00FD22DD5D710091682C /* Base */ = {isa = PBXFileReference; lastKnownFileType = file.storyboard; name = Base; path = Base.lproj/Main.storyboard; sourceTree = "<group>"; };
		390D010022DD5D710091682C /* MinaViewFinder2.xcdatamodel */ = {isa = PBXFileReference; lastKnownFileType = wrapper.xcdatamodel; path = MinaViewFinder2.xcdatamodel; sourceTree = "<group>"; };
		390D010222DD5D720091682C /* Assets.xcassets */ = {isa = PBXFileReference; lastKnownFileType = folder.assetcatalog; path = Assets.xcassets; sourceTree = "<group>"; };
		390D010522DD5D720091682C /* Base */ = {isa = PBXFileReference; lastKnownFileType = file.storyboard; name = Base; path = Base.lproj/LaunchScreen.storyboard; sourceTree = "<group>"; };
		390D010722DD5D720091682C /* Info.plist */ = {isa = PBXFileReference; lastKnownFileType = text.plist.xml; path = Info.plist; sourceTree = "<group>"; };
		390D010D22DD60B80091682C /* AddPhotoViewController.swift */ = {isa = PBXFileReference; lastKnownFileType = sourcecode.swift; path = AddPhotoViewController.swift; sourceTree = "<group>"; };
/* End PBXFileReference section */

/* Begin PBXFrameworksBuildPhase section */
		390D00F222DD5D710091682C /* Frameworks */ = {
			isa = PBXFrameworksBuildPhase;
			buildActionMask = 2147483647;
			files = (
			);
			runOnlyForDeploymentPostprocessing = 0;
		};
/* End PBXFrameworksBuildPhase section */

/* Begin PBXGroup section */
		390D00EC22DD5D710091682C = {
			isa = PBXGroup;
			children = (
				390D00F722DD5D710091682C /* MinaViewFinder2 */,
				390D00F622DD5D710091682C /* Products */,
			);
			sourceTree = "<group>";
		};
		390D00F622DD5D710091682C /* Products */ = {
			isa = PBXGroup;
			children = (
				390D00F522DD5D710091682C /* MinaViewFinder2.app */,
			);
			name = Products;
			sourceTree = "<group>";
		};
		390D00F722DD5D710091682C /* MinaViewFinder2 */ = {
			isa = PBXGroup;
			children = (
				390D00F822DD5D710091682C /* AppDelegate.swift */,
				390D00FC22DD5D710091682C /* Main.storyboard */,
				390D010D22DD60B80091682C /* AddPhotoViewController.swift */,
				390D010222DD5D720091682C /* Assets.xcassets */,
				390D010422DD5D720091682C /* LaunchScreen.storyboard */,
				390D010722DD5D720091682C /* Info.plist */,
				390D00FF22DD5D710091682C /* MinaViewFinder2.xcdatamodeld */,
			);
			path = MinaViewFinder2;
			sourceTree = "<group>";
		};
/* End PBXGroup section */

/* Begin PBXNativeTarget section */
		390D00F422DD5D710091682C /* MinaViewFinder2 */ = {
			isa = PBXNativeTarget;
			buildConfigurationList = 390D010A22DD5D720091682C /* Build configuration list for PBXNativeTarget "MinaViewFinder2" */;
			buildPhases = (
				390D00F122DD5D710091682C /* Sources */,
				390D00F222DD5D710091682C /* Frameworks */,
				390D00F322DD5D710091682C /* Resources */,
			);
			buildRules = (
			);
			dependencies = (
			);
			name = MinaViewFinder2;
			productName = MinaViewFinder2;
			productReference = 390D00F522DD5D710091682C /* MinaViewFinder2.app */;
			productType = "com.apple.product-type.application";
		};
/* End PBXNativeTarget section */

/* Begin PBXProject section */
		390D00ED22DD5D710091682C /* Project object */ = {
			isa = PBXProject;
			attributes = {
				LastSwiftUpdateCheck = 1020;
				LastUpgradeCheck = 1020;
				ORGANIZATIONNAME = "Ginalyn Mina";
				TargetAttributes = {
					390D00F422DD5D710091682C = {
						CreatedOnToolsVersion = 10.2.1;
					};
				};
			};
			buildConfigurationList = 390D00F022DD5D710091682C /* Build configuration list for PBXProject "MinaViewFinder2" */;
			compatibilityVersion = "Xcode 9.3";
			developmentRegion = en;
			hasScannedForEncodings = 0;
			knownRegions = (
				en,
				Base,
			);
			mainGroup = 390D00EC22DD5D710091682C;
			productRefGroup = 390D00F622DD5D710091682C /* Products */;
			projectDirPath = "";
			projectRoot = "";
			targets = (
				390D00F422DD5D710091682C /* MinaViewFinder2 */,
			);
		};
/* End PBXProject section */

/* Begin PBXResourcesBuildPhase section */
		390D00F322DD5D710091682C /* Resources */ = {
			isa = PBXResourcesBuildPhase;
			buildActionMask = 2147483647;
			files = (
				390D010622DD5D720091682C /* LaunchScreen.storyboard in Resources */,
				390D010322DD5D720091682C /* Assets.xcassets in Resources */,
				390D00FE22DD5D710091682C /* Main.storyboard in Resources */,
			);
			runOnlyForDeploymentPostprocessing = 0;
		};
/* End PBXResourcesBuildPhase section */

/* Begin PBXSourcesBuildPhase section */
		390D00F122DD5D710091682C /* Sources */ = {
			isa = PBXSourcesBuildPhase;
			buildActionMask = 2147483647;
			files = (
				390D010122DD5D710091682C /* MinaViewFinder2.xcdatamodeld in Sources */,
				390D010E22DD60B80091682C /* AddPhotoViewController.swift in Sources */,
				390D00F922DD5D710091682C /* AppDelegate.swift in Sources */,
			);
			runOnlyForDeploymentPostprocessing = 0;
		};
/* End PBXSourcesBuildPhase section */

/* Begin PBXVariantGroup section */
		390D00FC22DD5D710091682C /* Main.storyboard */ = {
			isa = PBXVariantGroup;
			children = (
				390D00FD22DD5D710091682C /* Base */,
			);
			name = Main.storyboard;
			sourceTree = "<group>";
		};
		390D010422DD5D720091682C /* LaunchScreen.storyboard */ = {
			isa = PBXVariantGroup;
			children = (
				390D010522DD5D720091682C /* Base */,
			);
			name = LaunchScreen.storyboard;
			sourceTree = "<group>";
		};
/* End PBXVariantGroup section */

/* Begin XCBuildConfiguration section */
		390D010822DD5D720091682C /* Debug */ = {
			isa = XCBuildConfiguration;
			buildSettings = {
				ALWAYS_SEARCH_USER_PATHS = NO;
				CLANG_ANALYZER_NONNULL = YES;
				CLANG_ANALYZER_NUMBER_OBJECT_CONVERSION = YES_AGGRESSIVE;
				CLANG_CXX_LANGUAGE_STANDARD = "gnu++14";
				CLANG_CXX_LIBRARY = "libc++";
				CLANG_ENABLE_MODULES = YES;
				CLANG_ENABLE_OBJC_ARC = YES;
				CLANG_ENABLE_OBJC_WEAK = YES;
				CLANG_WARN_BLOCK_CAPTURE_AUTORELEASING = YES;
				CLANG_WARN_BOOL_CONVERSION = YES;
				CLANG_WARN_COMMA = YES;
				CLANG_WARN_CONSTANT_CONVERSION = YES;
				CLANG_WARN_DEPRECATED_OBJC_IMPLEMENTATIONS = YES;
				CLANG_WARN_DIRECT_OBJC_ISA_USAGE = YES_ERROR;
				CLANG_WARN_DOCUMENTATION_COMMENTS = YES;
				CLANG_WARN_EMPTY_BODY = YES;
				CLANG_WARN_ENUM_CONVERSION = YES;
				CLANG_WARN_INFINITE_RECURSION = YES;
				CLANG_WARN_INT_CONVERSION = YES;
				CLANG_WARN_NON_LITERAL_NULL_CONVERSION = YES;
				CLANG_WARN_OBJC_IMPLICIT_RETAIN_SELF = YES;
				CLANG_WARN_OBJC_LITERAL_CONVERSION = YES;
				CLANG_WARN_OBJC_ROOT_CLASS = YES_ERROR;
				CLANG_WARN_RANGE_LOOP_ANALYSIS = YES;
				CLANG_WARN_STRICT_PROTOTYPES = YES;
				CLANG_WARN_SUSPICIOUS_MOVE = YES;
				CLANG_WARN_UNGUARDED_AVAILABILITY = YES_AGGRESSIVE;
				CLANG_WARN_UNREACHABLE_CODE = YES;
				CLANG_WARN__DUPLICATE_METHOD_MATCH = YES;
				CODE_SIGN_IDENTITY = "iPhone Developer";
				COPY_PHASE_STRIP = NO;
				DEBUG_INFORMATION_FORMAT = dwarf;
				ENABLE_STRICT_OBJC_MSGSEND = YES;
				ENABLE_TESTABILITY = YES;
				GCC_C_LANGUAGE_STANDARD = gnu11;
				GCC_DYNAMIC_NO_PIC = NO;
				GCC_NO_COMMON_BLOCKS = YES;
				GCC_OPTIMIZATION_LEVEL = 0;
				GCC_PREPROCESSOR_DEFINITIONS = (
					"DEBUG=1",
					"$(inherited)",
				);
				GCC_WARN_64_TO_32_BIT_CONVERSION = YES;
				GCC_WARN_ABOUT_RETURN_TYPE = YES_ERROR;
				GCC_WARN_UNDECLARED_SELECTOR = YES;
				GCC_WARN_UNINITIALIZED_AUTOS = YES_AGGRESSIVE;
				GCC_WARN_UNUSED_FUNCTION = YES;
				GCC_WARN_UNUSED_VARIABLE = YES;
				IPHONEOS_DEPLOYMENT_TARGET = 12.2;
				MTL_ENABLE_DEBUG_INFO = INCLUDE_SOURCE;
				MTL_FAST_MATH = YES;
				ONLY_ACTIVE_ARCH = YES;
				SDKROOT = iphoneos;
				SWIFT_ACTIVE_COMPILATION_CONDITIONS = DEBUG;
				SWIFT_OPTIMIZATION_LEVEL = "-Onone";
			};
			name = Debug;
		};
		390D010922DD5D720091682C /* Release */ = {
			isa = XCBuildConfiguration;
			buildSettings = {
				ALWAYS_SEARCH_USER_PATHS = NO;
				CLANG_ANALYZER_NONNULL = YES;
				CLANG_ANALYZER_NUMBER_OBJECT_CONVERSION = YES_AGGRESSIVE;
				CLANG_CXX_LANGUAGE_STANDARD = "gnu++14";
				CLANG_CXX_LIBRARY = "libc++";
				CLANG_ENABLE_MODULES = YES;
				CLANG_ENABLE_OBJC_ARC = YES;
				CLANG_ENABLE_OBJC_WEAK = YES;
				CLANG_WARN_BLOCK_CAPTURE_AUTORELEASING = YES;
				CLANG_WARN_BOOL_CONVERSION = YES;
				CLANG_WARN_COMMA = YES;
				CLANG_WARN_CONSTANT_CONVERSION = YES;
				CLANG_WARN_DEPRECATED_OBJC_IMPLEMENTATIONS = YES;
				CLANG_WARN_DIRECT_OBJC_ISA_USAGE = YES_ERROR;
				CLANG_WARN_DOCUMENTATION_COMMENTS = YES;
				CLANG_WARN_EMPTY_BODY = YES;
				CLANG_WARN_ENUM_CONVERSION = YES;
				CLANG_WARN_INFINITE_RECURSION = YES;
				CLANG_WARN_INT_CONVERSION = YES;
				CLANG_WARN_NON_LITERAL_NULL_CONVERSION = YES;
				CLANG_WARN_OBJC_IMPLICIT_RETAIN_SELF = YES;
				CLANG_WARN_OBJC_LITERAL_CONVERSION = YES;
				CLANG_WARN_OBJC_ROOT_CLASS = YES_ERROR;
				CLANG_WARN_RANGE_LOOP_ANALYSIS = YES;
				CLANG_WARN_STRICT_PROTOTYPES = YES;
				CLANG_WARN_SUSPICIOUS_MOVE = YES;
				CLANG_WARN_UNGUARDED_AVAILABILITY = YES_AGGRESSIVE;
				CLANG_WARN_UNREACHABLE_CODE = YES;
				CLANG_WARN__DUPLICATE_METHOD_MATCH = YES;
				CODE_SIGN_IDENTITY = "iPhone Developer";
				COPY_PHASE_STRIP = NO;
				DEBUG_INFORMATION_FORMAT = "dwarf-with-dsym";
				ENABLE_NS_ASSERTIONS = NO;
				ENABLE_STRICT_OBJC_MSGSEND = YES;
				GCC_C_LANGUAGE_STANDARD = gnu11;
				GCC_NO_COMMON_BLOCKS = YES;
				GCC_WARN_64_TO_32_BIT_CONVERSION = YES;
				GCC_WARN_ABOUT_RETURN_TYPE = YES_ERROR;
				GCC_WARN_UNDECLARED_SELECTOR = YES;
				GCC_WARN_UNINITIALIZED_AUTOS = YES_AGGRESSIVE;
				GCC_WARN_UNUSED_FUNCTION = YES;
				GCC_WARN_UNUSED_VARIABLE = YES;
				IPHONEOS_DEPLOYMENT_TARGET = 12.2;
				MTL_ENABLE_DEBUG_INFO = NO;
				MTL_FAST_MATH = YES;
				SDKROOT = iphoneos;
				SWIFT_COMPILATION_MODE = wholemodule;
				SWIFT_OPTIMIZATION_LEVEL = "-O";
				VALIDATE_PRODUCT = YES;
			};
			name = Release;
		};
		390D010B22DD5D720091682C /* Debug */ = {
			isa = XCBuildConfiguration;
			buildSettings = {
				ASSETCATALOG_COMPILER_APPICON_NAME = AppIcon;
				CODE_SIGN_STYLE = Automatic;
				DEVELOPMENT_TEAM = GL7P3U3ZSG;
				INFOPLIST_FILE = MinaViewFinder2/Info.plist;
				LD_RUNPATH_SEARCH_PATHS = (
					"$(inherited)",
					"@executable_path/Frameworks",
				);
				PRODUCT_BUNDLE_IDENTIFIER = com.GinalynRMina.MinaViewFinder2;
				PRODUCT_NAME = "$(TARGET_NAME)";
				SWIFT_VERSION = 5.0;
				TARGETED_DEVICE_FAMILY = "1,2";
			};
			name = Debug;
		};
		390D010C22DD5D720091682C /* Release */ = {
			isa = XCBuildConfiguration;
			buildSettings = {
				ASSETCATALOG_COMPILER_APPICON_NAME = AppIcon;
				CODE_SIGN_STYLE = Automatic;
				DEVELOPMENT_TEAM = GL7P3U3ZSG;
				INFOPLIST_FILE = MinaViewFinder2/Info.plist;
				LD_RUNPATH_SEARCH_PATHS = (
					"$(inherited)",
					"@executable_path/Frameworks",
				);
				PRODUCT_BUNDLE_IDENTIFIER = com.GinalynRMina.MinaViewFinder2;
				PRODUCT_NAME = "$(TARGET_NAME)";
				SWIFT_VERSION = 5.0;
				TARGETED_DEVICE_FAMILY = "1,2";
			};
			name = Release;
		};
/* End XCBuildConfiguration section */

/* Begin XCConfigurationList section */
		390D00F022DD5D710091682C /* Build configuration list for PBXProject "MinaViewFinder2" */ = {
			isa = XCConfigurationList;
			buildConfigurations = (
				390D010822DD5D720091682C /* Debug */,
				390D010922DD5D720091682C /* Release */,
			);
			defaultConfigurationIsVisible = 0;
			defaultConfigurationName = Release;
		};
		390D010A22DD5D720091682C /* Build configuration list for PBXNativeTarget "MinaViewFinder2" */ = {
			isa = XCConfigurationList;
			buildConfigurations = (
				390D010B22DD5D720091682C /* Debug */,
				390D010C22DD5D720091682C /* Release */,
			);
			defaultConfigurationIsVisible = 0;
			defaultConfigurationName = Release;
		};
/* End XCConfigurationList section */

/* Begin XCVersionGroup section */
		390D00FF22DD5D710091682C /* MinaViewFinder2.xcdatamodeld */ = {
			isa = XCVersionGroup;
			children = (
				390D010022DD5D710091682C /* MinaViewFinder2.xcdatamodel */,
			);
			currentVersion = 390D010022DD5D710091682C /* MinaViewFinder2.xcdatamodel */;
			path = MinaViewFinder2.xcdatamodeld;
			sourceTree = "<group>";
			versionGroupType = wrapper.xcdatamodel;
		};
/* End XCVersionGroup section */
	};
	rootObject = 390D00ED22DD5D710091682C /* Project object */;
}
